
Microsoft Visual Studio Solution File, Format Version 12.00
# Visual Studio Version 17
VisualStudioVersion = 17.9.34728.123
MinimumVisualStudioVersion = 10.0.40219.1
Project("{FAE04EC0-301F-11D3-BF4B-00C04F79EFBC}") = "Teodor_11a_23", "Teodor_11a_23\Teodor_11a_23.csproj", "{FA1176E7-4D5B-4DD8-ACEB-AFFD41414DAF}"
EndProject
Global
	GlobalSection(SolutionConfigurationPlatforms) = preSolution
		Debug|Any CPU = Debug|Any CPU
		Release|Any CPU = Release|Any CPU
	EndGlobalSection
	GlobalSection(ProjectConfigurationPlatforms) = postSolution
		{FA1176E7-4D5B-4DD8-ACEB-AFFD41414DAF}.Debug|Any CPU.ActiveCfg = Debug|Any CPU
		{FA1176E7-4D5B-4DD8-ACEB-AFFD41414DAF}.Debug|Any CPU.Build.0 = Debug|Any CPU
		{FA1176E7-4D5B-4DD8-ACEB-AFFD41414DAF}.Release|Any CPU.ActiveCfg = Release|Any CPU
		{FA1176E7-4D5B-4DD8-ACEB-AFFD41414DAF}.Release|Any CPU.Build.0 = Release|Any CPU
	EndGlobalSection
	GlobalSection(SolutionProperties) = preSolution
		HideSolutionNode = FALSE
	EndGlobalSection
	GlobalSection(ExtensibilityGlobals) = postSolution
		SolutionGuid = {EBF6377E-CC10-4300-B712-8C4240993366}
	EndGlobalSection
EndGlobal
